
Microsoft Visual Studio Solution File, Format Version 12.00
# Visual Studio 15
VisualStudioVersion = 15.0.27703.2035
MinimumVisualStudioVersion = 10.0.40219.1
Project("{FAE04EC0-301F-11D3-BF4B-00C04F79EFBC}") = "Empleados", "Empleados\Empleados.csproj", "{F5EE434D-0D73-4247-B307-054D9D4F3A33}"
EndProject
Global
	GlobalSection(SolutionConfigurationPlatforms) = preSolution
		Debug|Any CPU = Debug|Any CPU
		Release|Any CPU = Release|Any CPU
	EndGlobalSection
	GlobalSection(ProjectConfigurationPlatforms) = postSolution
		{F5EE434D-0D73-4247-B307-054D9D4F3A33}.Debug|Any CPU.ActiveCfg = Debug|Any CPU
		{F5EE434D-0D73-4247-B307-054D9D4F3A33}.Debug|Any CPU.Build.0 = Debug|Any CPU
		{F5EE434D-0D73-4247-B307-054D9D4F3A33}.Release|Any CPU.ActiveCfg = Release|Any CPU
		{F5EE434D-0D73-4247-B307-054D9D4F3A33}.Release|Any CPU.Build.0 = Release|Any CPU
	EndGlobalSection
	GlobalSection(SolutionProperties) = preSolution
		HideSolutionNode = FALSE
	EndGlobalSection
	GlobalSection(ExtensibilityGlobals) = postSolution
		SolutionGuid = {18E31EFA-0FA8-48C8-9956-A6BC2BC408D7}
	EndGlobalSection
EndGlobal
