
Microsoft Visual Studio Solution File, Format Version 12.00
# Visual Studio 15
VisualStudioVersion = 15.0.27703.2035
MinimumVisualStudioVersion = 10.0.40219.1
Project("{FAE04EC0-301F-11D3-BF4B-00C04F79EFBC}") = "Expresiones logicas", "Expresiones logicas\Expresiones logicas.csproj", "{E9BF43DA-F5B1-4FE0-9952-841B9D8B942C}"
EndProject
Global
	GlobalSection(SolutionConfigurationPlatforms) = preSolution
		Debug|Any CPU = Debug|Any CPU
		Release|Any CPU = Release|Any CPU
	EndGlobalSection
	GlobalSection(ProjectConfigurationPlatforms) = postSolution
		{E9BF43DA-F5B1-4FE0-9952-841B9D8B942C}.Debug|Any CPU.ActiveCfg = Debug|Any CPU
		{E9BF43DA-F5B1-4FE0-9952-841B9D8B942C}.Debug|Any CPU.Build.0 = Debug|Any CPU
		{E9BF43DA-F5B1-4FE0-9952-841B9D8B942C}.Release|Any CPU.ActiveCfg = Release|Any CPU
		{E9BF43DA-F5B1-4FE0-9952-841B9D8B942C}.Release|Any CPU.Build.0 = Release|Any CPU
	EndGlobalSection
	GlobalSection(SolutionProperties) = preSolution
		HideSolutionNode = FALSE
	EndGlobalSection
	GlobalSection(ExtensibilityGlobals) = postSolution
		SolutionGuid = {617BD148-DCB0-487C-8A65-423DA5F22D8A}
	EndGlobalSection
EndGlobal
