
Microsoft Visual Studio Solution File, Format Version 12.00
# Visual Studio 15
VisualStudioVersion = 15.0.27703.2035
MinimumVisualStudioVersion = 10.0.40219.1
Project("{FAE04EC0-301F-11D3-BF4B-00C04F79EFBC}") = "SWITCH", "SWITCH\SWITCH.csproj", "{16DED944-0091-42F2-863D-E82BE7A0C98D}"
EndProject
Global
	GlobalSection(SolutionConfigurationPlatforms) = preSolution
		Debug|Any CPU = Debug|Any CPU
		Release|Any CPU = Release|Any CPU
	EndGlobalSection
	GlobalSection(ProjectConfigurationPlatforms) = postSolution
		{16DED944-0091-42F2-863D-E82BE7A0C98D}.Debug|Any CPU.ActiveCfg = Debug|Any CPU
		{16DED944-0091-42F2-863D-E82BE7A0C98D}.Debug|Any CPU.Build.0 = Debug|Any CPU
		{16DED944-0091-42F2-863D-E82BE7A0C98D}.Release|Any CPU.ActiveCfg = Release|Any CPU
		{16DED944-0091-42F2-863D-E82BE7A0C98D}.Release|Any CPU.Build.0 = Release|Any CPU
	EndGlobalSection
	GlobalSection(SolutionProperties) = preSolution
		HideSolutionNode = FALSE
	EndGlobalSection
	GlobalSection(ExtensibilityGlobals) = postSolution
		SolutionGuid = {D2081D72-063D-47BE-BB05-95EFF191F0E7}
	EndGlobalSection
EndGlobal
