
Microsoft Visual Studio Solution File, Format Version 12.00
# Visual Studio 15
VisualStudioVersion = 15.0.27703.2035
MinimumVisualStudioVersion = 10.0.40219.1
Project("{FAE04EC0-301F-11D3-BF4B-00C04F79EFBC}") = "Uso del IF", "Uso del IF\Uso del IF.csproj", "{4606DD6A-2AC4-456F-9CA1-F07DB5ED4992}"
EndProject
Global
	GlobalSection(SolutionConfigurationPlatforms) = preSolution
		Debug|Any CPU = Debug|Any CPU
		Release|Any CPU = Release|Any CPU
	EndGlobalSection
	GlobalSection(ProjectConfigurationPlatforms) = postSolution
		{4606DD6A-2AC4-456F-9CA1-F07DB5ED4992}.Debug|Any CPU.ActiveCfg = Debug|Any CPU
		{4606DD6A-2AC4-456F-9CA1-F07DB5ED4992}.Debug|Any CPU.Build.0 = Debug|Any CPU
		{4606DD6A-2AC4-456F-9CA1-F07DB5ED4992}.Release|Any CPU.ActiveCfg = Release|Any CPU
		{4606DD6A-2AC4-456F-9CA1-F07DB5ED4992}.Release|Any CPU.Build.0 = Release|Any CPU
	EndGlobalSection
	GlobalSection(SolutionProperties) = preSolution
		HideSolutionNode = FALSE
	EndGlobalSection
	GlobalSection(ExtensibilityGlobals) = postSolution
		SolutionGuid = {0E87C11C-E967-47E4-BC53-48E9C22C3B9B}
	EndGlobalSection
EndGlobal
